
Microsoft Visual Studio Solution File, Format Version 12.00
# Visual Studio Version 17
VisualStudioVersion = 17.14.36429.23 d17.14
MinimumVisualStudioVersion = 10.0.40219.1
Project("{FAE04EC0-301F-11D3-BF4B-00C04F79EFBC}") = "CarritoDeCompras", "CarritoDeCompras\CarritoDeCompras.csproj", "{E5CA45FF-76DB-4400-A6E2-ECB05DFD9EC8}"
EndProject
Global
	GlobalSection(SolutionConfigurationPlatforms) = preSolution
		Debug|Any CPU = Debug|Any CPU
		Release|Any CPU = Release|Any CPU
	EndGlobalSection
	GlobalSection(ProjectConfigurationPlatforms) = postSolution
		{E5CA45FF-76DB-4400-A6E2-ECB05DFD9EC8}.Debug|Any CPU.ActiveCfg = Debug|Any CPU
		{E5CA45FF-76DB-4400-A6E2-ECB05DFD9EC8}.Debug|Any CPU.Build.0 = Debug|Any CPU
		{E5CA45FF-76DB-4400-A6E2-ECB05DFD9EC8}.Release|Any CPU.ActiveCfg = Release|Any CPU
		{E5CA45FF-76DB-4400-A6E2-ECB05DFD9EC8}.Release|Any CPU.Build.0 = Release|Any CPU
	EndGlobalSection
	GlobalSection(SolutionProperties) = preSolution
		HideSolutionNode = FALSE
	EndGlobalSection
	GlobalSection(ExtensibilityGlobals) = postSolution
		SolutionGuid = {E232E9F2-6D5F-4C8F-BF7C-6E2BCEB14DFA}
	EndGlobalSection
EndGlobal
